
Microsoft Visual Studio Solution File, Format Version 12.00
# Visual Studio Version 16
VisualStudioVersion = 16.0.30104.148
MinimumVisualStudioVersion = 10.0.40219.1
Project("{8BC9CEB8-8B4A-11D0-8D11-00A0C91BC942}") = "Project3", "Project3\Project3.vcxproj", "{FE9588B7-2E52-4DC6-838C-CAE69D981C58}"
EndProject
Project("{2150E333-8FDC-42A3-9474-1A3956D46DE8}") = "Solution Items", "Solution Items", "{BF870C13-31ED-4D92-8320-227F23299AC4}"
	ProjectSection(SolutionItems) = preProject
		\\apporto.com\dfs\SNHU\USERS\danielmanchen_snhu\Desktop\inputfile.txt = \\apporto.com\dfs\SNHU\USERS\danielmanchen_snhu\Desktop\inputfile.txt
	EndProjectSection
EndProject
Global
	GlobalSection(SolutionConfigurationPlatforms) = preSolution
		Debug|x64 = Debug|x64
		Debug|x86 = Debug|x86
		Release|x64 = Release|x64
		Release|x86 = Release|x86
	EndGlobalSection
	GlobalSection(ProjectConfigurationPlatforms) = postSolution
		{FE9588B7-2E52-4DC6-838C-CAE69D981C58}.Debug|x64.ActiveCfg = Debug|x64
		{FE9588B7-2E52-4DC6-838C-CAE69D981C58}.Debug|x64.Build.0 = Debug|x64
		{FE9588B7-2E52-4DC6-838C-CAE69D981C58}.Debug|x86.ActiveCfg = Debug|Win32
		{FE9588B7-2E52-4DC6-838C-CAE69D981C58}.Debug|x86.Build.0 = Debug|Win32
		{FE9588B7-2E52-4DC6-838C-CAE69D981C58}.Release|x64.ActiveCfg = Release|x64
		{FE9588B7-2E52-4DC6-838C-CAE69D981C58}.Release|x64.Build.0 = Release|x64
		{FE9588B7-2E52-4DC6-838C-CAE69D981C58}.Release|x86.ActiveCfg = Release|Win32
		{FE9588B7-2E52-4DC6-838C-CAE69D981C58}.Release|x86.Build.0 = Release|Win32
	EndGlobalSection
	GlobalSection(SolutionProperties) = preSolution
		HideSolutionNode = FALSE
	EndGlobalSection
	GlobalSection(ExtensibilityGlobals) = postSolution
		SolutionGuid = {F82C1FA3-0592-49DC-880D-E782891206EA}
	EndGlobalSection
EndGlobal
